
Microsoft Visual Studio Solution File, Format Version 12.00
# Visual Studio 15
VisualStudioVersion = 15.0.28307.572
MinimumVisualStudioVersion = 10.0.40219.1
Project("{FAE04EC0-301F-11D3-BF4B-00C04F79EFBC}") = "softwareIIProject", "softwareIIProject\softwareIIProject.csproj", "{8DB21AAD-3B83-4145-8D9C-8EF90047EDCF}"
EndProject
Global
	GlobalSection(SolutionConfigurationPlatforms) = preSolution
		Debug|Any CPU = Debug|Any CPU
		Release|Any CPU = Release|Any CPU
	EndGlobalSection
	GlobalSection(ProjectConfigurationPlatforms) = postSolution
		{8DB21AAD-3B83-4145-8D9C-8EF90047EDCF}.Debug|Any CPU.ActiveCfg = Debug|Any CPU
		{8DB21AAD-3B83-4145-8D9C-8EF90047EDCF}.Debug|Any CPU.Build.0 = Debug|Any CPU
		{8DB21AAD-3B83-4145-8D9C-8EF90047EDCF}.Release|Any CPU.ActiveCfg = Release|Any CPU
		{8DB21AAD-3B83-4145-8D9C-8EF90047EDCF}.Release|Any CPU.Build.0 = Release|Any CPU
	EndGlobalSection
	GlobalSection(SolutionProperties) = preSolution
		HideSolutionNode = FALSE
	EndGlobalSection
	GlobalSection(ExtensibilityGlobals) = postSolution
		SolutionGuid = {D926B012-237D-4612-B49C-04E55172E4B4}
	EndGlobalSection
EndGlobal
